# THIS IS AN AUTOGENERATED FILE. DO NOT EDIT THIS FILE DIRECTLY.
# yarn lockfile v1


"engineer001-cli@^1.0.0":
  "integrity" "sha512-FidVmcfsNVPnEMb9oNixTBj39uj3ELkSU9kfJNYIUkDl4GoIwU3wUaOSsuHwzUWh6EZYTApZiQhemJe6G7sVCw=="
  "resolved" "https://registry.npmjs.org/engineer001-cli/-/engineer001-cli-1.0.0.tgz"
  "version" "1.0.0"
