{
  "name": "@engineer-cli/core",
  "version": "1.0.0",
  "lockfileVersion": 2,
  "requires": true,
  "packages": {
    "": {
      "name": "@engineer-cli/core",
      "version": "1.0.0",
      "license": "MIT",
      "dependencies": {
        "@engineer-cli/utils": "file:../../utils/utils"
      }
    },
    "../../utils/utils": {},
    "node_modules/@engineer-cli/utils": {
      "resolved": "../../utils/utils",
      "link": true
    }
  },
  "dependencies": {
    "@engineer-cli/utils": {
      "version": "file:../../utils/utils"
    }
  }
}
